// !$*UTF8*$!
{
	archiveVersion = 1;
	classes = {
	};
	objectVersion = 77;
	objects = {

/* Begin PBXBuildFile section */
		006744F385C7F5CC19798978 /* Fraunces-VariableFont_SOFT,WONK,opsz,wght.ttf in Resources */ = {isa = PBXBuildFile; fileRef = 91F441E8041BBA5C851D941F /* Fraunces-VariableFont_SOFT,WONK,opsz,wght.ttf */; };
		0189D99750DF4F9DD82F9066 /* ContentView.swift in Sources */ = {isa = PBXBuildFile; fileRef = CF78A2B998193B94B990E54E /* ContentView.swift */; };
		08D913B238D9530F25E581B1 /* AudioRecordingService.swift in Sources */ = {isa = PBXBuildFile; fileRef = 040F13461C755DE8FF434700 /* AudioRecordingService.swift */; };
		0CFE2F405676712622D674B6 /* MyRoutineView.swift in Sources */ = {isa = PBXBuildFile; fileRef = F80F43006C39DB668F529235 /* MyRoutineView.swift */; };
		0E1C1D245B8503E78B953113 /* SleepLogDetailView.swift in Sources */ = {isa = PBXBuildFile; fileRef = 2E94326D623364EFC9F4CEFB /* SleepLogDetailView.swift */; };
		12A0C07F45A7A54C16DD0FF7 /* ClaudeAPIService.swift in Sources */ = {isa = PBXBuildFile; fileRef = D66821D923F73F6E202C48FF /* ClaudeAPIService.swift */; };
		12A292BFE58500E4CE3E7342 /* RoutineGenerator.swift in Sources */ = {isa = PBXBuildFile; fileRef = 0AF6A811B5639D1FDEE756E8 /* RoutineGenerator.swift */; };
		2A8BFC6FBA480460BA7E0DF5 /* LullApp.swift in Sources */ = {isa = PBXBuildFile; fileRef = 518622E3CFB58A6544BC915C /* LullApp.swift */; };
		30C48EF1D2833AD03BC1935B /* GetUpPromptView.swift in Sources */ = {isa = PBXBuildFile; fileRef = 5FAE3AADB1930BEAF0A5DB7C /* GetUpPromptView.swift */; };
		52496FFD9E414733A0B2C35B /* JetBrainsMono-VariableFont_wght.ttf in Resources */ = {isa = PBXBuildFile; fileRef = 8796F041C3D5B0A73379488D /* JetBrainsMono-VariableFont_wght.ttf */; };
		52B9009E37E5E54D7A2511DD /* NightlyGentleStretchingView.swift in Sources */ = {isa = PBXBuildFile; fileRef = DA2955AB3D94EB52E2CBBE00 /* NightlyGentleStretchingView.swift */; };
		60D15B91CA48E6BCF4BE25A6 /* DashboardView.swift in Sources */ = {isa = PBXBuildFile; fileRef = 96CD08D7A04346C513E351B8 /* DashboardView.swift */; };
		6B13AEE4C552544EAAEFF3B6 /* HomeTabView.swift in Sources */ = {isa = PBXBuildFile; fileRef = 9A62CD53FC82D21AD52CF0A3 /* HomeTabView.swift */; };
		6B66A96B7AF9AAA97AEB300A /* NightlyFlowView.swift in Sources */ = {isa = PBXBuildFile; fileRef = 099C95FFE9E54D37F2C8DC6C /* NightlyFlowView.swift */; };
		908F5B9B12AD92424F3B31C1 /* LullTheme.swift in Sources */ = {isa = PBXBuildFile; fileRef = 16FDBFDA7720439DD74C23B7 /* LullTheme.swift */; };
		90ABCE6F90322DEBB83A003F /* OnboardingView.swift in Sources */ = {isa = PBXBuildFile; fileRef = 98B0DDCB101CFACF018241D3 /* OnboardingView.swift */; };
		A383F378753EA2DC32962DB1 /* Assets.xcassets in Resources */ = {isa = PBXBuildFile; fileRef = CD947544D9101E2AC407DBAB /* Assets.xcassets */; };
		A930E2F5B28DA5B903975BE0 /* NightlyProgressiveMuscleRelaxationView.swift in Sources */ = {isa = PBXBuildFile; fileRef = 129DDCFD6C5884ACA1FAA91A /* NightlyProgressiveMuscleRelaxationView.swift */; };
		A9A3802E174F3057EF6EC4AD /* MidSleepModeView.swift in Sources */ = {isa = PBXBuildFile; fileRef = A6B11A89266A2BB853502200 /* MidSleepModeView.swift */; };
		AA7777777777777777777777 /* AudioPlaybackService.swift in Sources */ = {isa = PBXBuildFile; fileRef = BB7777777777777777777777 /* AudioPlaybackService.swift */; };
		AC496C0EE12D5E143D032EAE /* JetBrainsMono-Italic-VariableFont_wght.ttf in Resources */ = {isa = PBXBuildFile; fileRef = FCAFDC51020778EEE5138C00 /* JetBrainsMono-Italic-VariableFont_wght.ttf */; };
		BB1111111111111111111111 /* RemedyID.swift in Sources */ = {isa = PBXBuildFile; fileRef = AA1111111111111111111111 /* RemedyID.swift */; };
		BB2222222222222222222222 /* PersistedState.swift in Sources */ = {isa = PBXBuildFile; fileRef = AA2222222222222222222222 /* PersistedState.swift */; };
		BB3333333333333333333333 /* PersistenceStore.swift in Sources */ = {isa = PBXBuildFile; fileRef = AA3333333333333333333333 /* PersistenceStore.swift */; };
		BB4444444444444444444444 /* AmbientLightService.swift in Sources */ = {isa = PBXBuildFile; fileRef = AA4444444444444444444444 /* AmbientLightService.swift */; };
		BE34E1AD1DAD049E9EE63C73 /* BundledStories.swift in Sources */ = {isa = PBXBuildFile; fileRef = C839CE47A7EBAE076B7BF096 /* BundledStories.swift */; };
		C0F7B0F86DA74FF0D28F8A89 /* Fraunces-Italic-VariableFont_SOFT,WONK,opsz,wght.ttf in Resources */ = {isa = PBXBuildFile; fileRef = 3322D11828817486556E8D96 /* Fraunces-Italic-VariableFont_SOFT,WONK,opsz,wght.ttf */; };
		C3CB5BE543EEA2827CBD52D6 /* NightlyGratitudeJournalView.swift in Sources */ = {isa = PBXBuildFile; fileRef = B0B1C54DC00EE00260C19CD3 /* NightlyGratitudeJournalView.swift */; };
		CA356A11A099E60F3920F72A /* TTSService.swift in Sources */ = {isa = PBXBuildFile; fileRef = 5D820BF460AB3C918823A264 /* TTSService.swift */; };
		CC5555555555555555555555 /* SleepHistoryLegendView.swift in Sources */ = {isa = PBXBuildFile; fileRef = AA5555555555555555555555 /* SleepHistoryLegendView.swift */; };
		CC8888888888888888888888 /* Confetti.swift in Sources */ = {isa = PBXBuildFile; fileRef = AA8888888888888888888888 /* Confetti.swift */; };
		CC9999999999999999999999 /* PendingPromotion.swift in Sources */ = {isa = PBXBuildFile; fileRef = AA9999999999999999999999 /* PendingPromotion.swift */; };
		CCAAAAAAAAAAAAAAAAAAAAAA /* MorningRewardView.swift in Sources */ = {isa = PBXBuildFile; fileRef = AAAAAAAAAAAAAAAAAAAAAAAA /* MorningRewardView.swift */; };
		CCBBBBBBBBBBBBBBBBBBBBBB /* RoutinePromotedView.swift in Sources */ = {isa = PBXBuildFile; fileRef = AABBBBBBBBBBBBBBBBBBBBBB /* RoutinePromotedView.swift */; };
		CC6666666666666666666666 /* ExportService.swift in Sources */ = {isa = PBXBuildFile; fileRef = AA6666666666666666666666 /* ExportService.swift */; };
		CFD7E77D6E511831E87B1EB1 /* ExperimentEngine.swift in Sources */ = {isa = PBXBuildFile; fileRef = F22F2E8574F38842A81E664B /* ExperimentEngine.swift */; };
		E1A2B3C4D5E6F7A8B9C0D1E2 /* ShakeDetector.swift in Sources */ = {isa = PBXBuildFile; fileRef = F1A2B3C4D5E6F7A8B9C0D1E3 /* ShakeDetector.swift */; };
		EE478AAA0001000000000001 /* 478-breathing-revised.mp3 in Resources */ = {isa = PBXBuildFile; fileRef = EE478FFF0001000000000001 /* 478-breathing-revised.mp3 */; };
		F4B2A497125E5AD3F0411B41 /* MorningCheckInView.swift in Sources */ = {isa = PBXBuildFile; fileRef = 9C9EDB6CB663B102ED482509 /* MorningCheckInView.swift */; };
		F9147C3EE6EB7C0898A38E93 /* LullComponents.swift in Sources */ = {isa = PBXBuildFile; fileRef = 4B96F9D7A41B8D164E87290B /* LullComponents.swift */; };
		F925DA874E2FC8346941100A /* AppState.swift in Sources */ = {isa = PBXBuildFile; fileRef = 85F27EAE09500318E6960113 /* AppState.swift */; };
/* End PBXBuildFile section */

/* Begin PBXFileReference section */
		040F13461C755DE8FF434700 /* AudioRecordingService.swift */ = {isa = PBXFileReference; lastKnownFileType = sourcecode.swift; path = AudioRecordingService.swift; sourceTree = "<group>"; };
		099C95FFE9E54D37F2C8DC6C /* NightlyFlowView.swift */ = {isa = PBXFileReference; lastKnownFileType = sourcecode.swift; path = NightlyFlowView.swift; sourceTree = "<group>"; };
		0AF6A811B5639D1FDEE756E8 /* RoutineGenerator.swift */ = {isa = PBXFileReference; lastKnownFileType = sourcecode.swift; path = RoutineGenerator.swift; sourceTree = "<group>"; };
		129DDCFD6C5884ACA1FAA91A /* NightlyProgressiveMuscleRelaxationView.swift */ = {isa = PBXFileReference; lastKnownFileType = sourcecode.swift; path = NightlyProgressiveMuscleRelaxationView.swift; sourceTree = "<group>"; };
		16FDBFDA7720439DD74C23B7 /* LullTheme.swift */ = {isa = PBXFileReference; lastKnownFileType = sourcecode.swift; path = LullTheme.swift; sourceTree = "<group>"; };
		2E94326D623364EFC9F4CEFB /* SleepLogDetailView.swift */ = {isa = PBXFileReference; lastKnownFileType = sourcecode.swift; path = SleepLogDetailView.swift; sourceTree = "<group>"; };
		3322D11828817486556E8D96 /* Fraunces-Italic-VariableFont_SOFT,WONK,opsz,wght.ttf */ = {isa = PBXFileReference; lastKnownFileType = file; path = "Fraunces-Italic-VariableFont_SOFT,WONK,opsz,wght.ttf"; sourceTree = "<group>"; };
		4B96F9D7A41B8D164E87290B /* LullComponents.swift */ = {isa = PBXFileReference; lastKnownFileType = sourcecode.swift; path = LullComponents.swift; sourceTree = "<group>"; };
		518622E3CFB58A6544BC915C /* LullApp.swift */ = {isa = PBXFileReference; lastKnownFileType = sourcecode.swift; path = LullApp.swift; sourceTree = "<group>"; };
		5D820BF460AB3C918823A264 /* TTSService.swift */ = {isa = PBXFileReference; lastKnownFileType = sourcecode.swift; path = TTSService.swift; sourceTree = "<group>"; };
		5FAE3AADB1930BEAF0A5DB7C /* GetUpPromptView.swift */ = {isa = PBXFileReference; lastKnownFileType = sourcecode.swift; path = GetUpPromptView.swift; sourceTree = "<group>"; };
		6F40249E393C00D6191A73D1 /* Lull.app */ = {isa = PBXFileReference; explicitFileType = wrapper.application; includeInIndex = 0; path = Lull.app; sourceTree = BUILT_PRODUCTS_DIR; };
		85F27EAE09500318E6960113 /* AppState.swift */ = {isa = PBXFileReference; lastKnownFileType = sourcecode.swift; path = AppState.swift; sourceTree = "<group>"; };
		8796F041C3D5B0A73379488D /* JetBrainsMono-VariableFont_wght.ttf */ = {isa = PBXFileReference; lastKnownFileType = file; path = "JetBrainsMono-VariableFont_wght.ttf"; sourceTree = "<group>"; };
		91F441E8041BBA5C851D941F /* Fraunces-VariableFont_SOFT,WONK,opsz,wght.ttf */ = {isa = PBXFileReference; lastKnownFileType = file; path = "Fraunces-VariableFont_SOFT,WONK,opsz,wght.ttf"; sourceTree = "<group>"; };
		96CD08D7A04346C513E351B8 /* DashboardView.swift */ = {isa = PBXFileReference; lastKnownFileType = sourcecode.swift; path = DashboardView.swift; sourceTree = "<group>"; };
		98B0DDCB101CFACF018241D3 /* OnboardingView.swift */ = {isa = PBXFileReference; lastKnownFileType = sourcecode.swift; path = OnboardingView.swift; sourceTree = "<group>"; };
		9A62CD53FC82D21AD52CF0A3 /* HomeTabView.swift */ = {isa = PBXFileReference; lastKnownFileType = sourcecode.swift; path = HomeTabView.swift; sourceTree = "<group>"; };
		9C9EDB6CB663B102ED482509 /* MorningCheckInView.swift */ = {isa = PBXFileReference; lastKnownFileType = sourcecode.swift; path = MorningCheckInView.swift; sourceTree = "<group>"; };
		A6B11A89266A2BB853502200 /* MidSleepModeView.swift */ = {isa = PBXFileReference; lastKnownFileType = sourcecode.swift; path = MidSleepModeView.swift; sourceTree = "<group>"; };
		AA1111111111111111111111 /* RemedyID.swift */ = {isa = PBXFileReference; lastKnownFileType = sourcecode.swift; path = RemedyID.swift; sourceTree = "<group>"; };
		AA2222222222222222222222 /* PersistedState.swift */ = {isa = PBXFileReference; lastKnownFileType = sourcecode.swift; path = PersistedState.swift; sourceTree = "<group>"; };
		AA3333333333333333333333 /* PersistenceStore.swift */ = {isa = PBXFileReference; lastKnownFileType = sourcecode.swift; path = PersistenceStore.swift; sourceTree = "<group>"; };
		AA4444444444444444444444 /* AmbientLightService.swift */ = {isa = PBXFileReference; lastKnownFileType = sourcecode.swift; path = AmbientLightService.swift; sourceTree = "<group>"; };
		AA5555555555555555555555 /* SleepHistoryLegendView.swift */ = {isa = PBXFileReference; lastKnownFileType = sourcecode.swift; path = SleepHistoryLegendView.swift; sourceTree = "<group>"; };
		AA8888888888888888888888 /* Confetti.swift */ = {isa = PBXFileReference; lastKnownFileType = sourcecode.swift; path = Confetti.swift; sourceTree = "<group>"; };
		AA9999999999999999999999 /* PendingPromotion.swift */ = {isa = PBXFileReference; lastKnownFileType = sourcecode.swift; path = PendingPromotion.swift; sourceTree = "<group>"; };
		AAAAAAAAAAAAAAAAAAAAAAAA /* MorningRewardView.swift */ = {isa = PBXFileReference; lastKnownFileType = sourcecode.swift; path = MorningRewardView.swift; sourceTree = "<group>"; };
		AABBBBBBBBBBBBBBBBBBBBBB /* RoutinePromotedView.swift */ = {isa = PBXFileReference; lastKnownFileType = sourcecode.swift; path = RoutinePromotedView.swift; sourceTree = "<group>"; };
		AA6666666666666666666666 /* ExportService.swift */ = {isa = PBXFileReference; lastKnownFileType = sourcecode.swift; path = ExportService.swift; sourceTree = "<group>"; };
		B0B1C54DC00EE00260C19CD3 /* NightlyGratitudeJournalView.swift */ = {isa = PBXFileReference; lastKnownFileType = sourcecode.swift; path = NightlyGratitudeJournalView.swift; sourceTree = "<group>"; };
		BB7777777777777777777777 /* AudioPlaybackService.swift */ = {isa = PBXFileReference; lastKnownFileType = sourcecode.swift; path = AudioPlaybackService.swift; sourceTree = "<group>"; };
		C839CE47A7EBAE076B7BF096 /* BundledStories.swift */ = {isa = PBXFileReference; lastKnownFileType = sourcecode.swift; path = BundledStories.swift; sourceTree = "<group>"; };
		CD947544D9101E2AC407DBAB /* Assets.xcassets */ = {isa = PBXFileReference; lastKnownFileType = folder.assetcatalog; path = Assets.xcassets; sourceTree = "<group>"; };
		CF78A2B998193B94B990E54E /* ContentView.swift */ = {isa = PBXFileReference; lastKnownFileType = sourcecode.swift; path = ContentView.swift; sourceTree = "<group>"; };
		D66821D923F73F6E202C48FF /* ClaudeAPIService.swift */ = {isa = PBXFileReference; lastKnownFileType = sourcecode.swift; path = ClaudeAPIService.swift; sourceTree = "<group>"; };
		DA2955AB3D94EB52E2CBBE00 /* NightlyGentleStretchingView.swift */ = {isa = PBXFileReference; lastKnownFileType = sourcecode.swift; path = NightlyGentleStretchingView.swift; sourceTree = "<group>"; };
		EE478FFF0001000000000001 /* 478-breathing-revised.mp3 */ = {isa = PBXFileReference; lastKnownFileType = audio.mp3; path = "478-breathing-revised.mp3"; sourceTree = "<group>"; };
		F1A2B3C4D5E6F7A8B9C0D1E3 /* ShakeDetector.swift */ = {isa = PBXFileReference; lastKnownFileType = sourcecode.swift; path = ShakeDetector.swift; sourceTree = "<group>"; };
		F22F2E8574F38842A81E664B /* ExperimentEngine.swift */ = {isa = PBXFileReference; lastKnownFileType = sourcecode.swift; path = ExperimentEngine.swift; sourceTree = "<group>"; };
		F80F43006C39DB668F529235 /* MyRoutineView.swift */ = {isa = PBXFileReference; lastKnownFileType = sourcecode.swift; path = MyRoutineView.swift; sourceTree = "<group>"; };
		FCAFDC51020778EEE5138C00 /* JetBrainsMono-Italic-VariableFont_wght.ttf */ = {isa = PBXFileReference; lastKnownFileType = file; path = "JetBrainsMono-Italic-VariableFont_wght.ttf"; sourceTree = "<group>"; };
/* End PBXFileReference section */

/* Begin PBXGroup section */
		1F36B2AF949245399F032553 /* Nightly */ = {
			isa = PBXGroup;
			children = (
				099C95FFE9E54D37F2C8DC6C /* NightlyFlowView.swift */,
				DA2955AB3D94EB52E2CBBE00 /* NightlyGentleStretchingView.swift */,
				B0B1C54DC00EE00260C19CD3 /* NightlyGratitudeJournalView.swift */,
				129DDCFD6C5884ACA1FAA91A /* NightlyProgressiveMuscleRelaxationView.swift */,
			);
			path = Nightly;
			sourceTree = "<group>";
		};
		31F7E7C8AC3777CEE98481E9 /* Components */ = {
			isa = PBXGroup;
			children = (
				AA8888888888888888888888 /* Confetti.swift */,
				4B96F9D7A41B8D164E87290B /* LullComponents.swift */,
			);
			path = Components;
			sourceTree = "<group>";
		};
		3F06728D2AE3E4F6240996A2 /* Models */ = {
			isa = PBXGroup;
			children = (
				85F27EAE09500318E6960113 /* AppState.swift */,
				F22F2E8574F38842A81E664B /* ExperimentEngine.swift */,
				AA9999999999999999999999 /* PendingPromotion.swift */,
				AA1111111111111111111111 /* RemedyID.swift */,
				0AF6A811B5639D1FDEE756E8 /* RoutineGenerator.swift */,
			);
			path = Models;
			sourceTree = "<group>";
		};
		455604E026B5EE2AC3B7BDA2 /* Services */ = {
			isa = PBXGroup;
			children = (
				AA4444444444444444444444 /* AmbientLightService.swift */,
				AA6666666666666666666666 /* ExportService.swift */,
				040F13461C755DE8FF434700 /* AudioRecordingService.swift */,
				BB7777777777777777777777 /* AudioPlaybackService.swift */,
				C839CE47A7EBAE076B7BF096 /* BundledStories.swift */,
				D66821D923F73F6E202C48FF /* ClaudeAPIService.swift */,
				5D820BF460AB3C918823A264 /* TTSService.swift */,
				F1A2B3C4D5E6F7A8B9C0D1E3 /* ShakeDetector.swift */,
			);
			path = Services;
			sourceTree = "<group>";
		};
		6E08A71543323A3D0E55B93E /* Home */ = {
			isa = PBXGroup;
			children = (
				96CD08D7A04346C513E351B8 /* DashboardView.swift */,
				9A62CD53FC82D21AD52CF0A3 /* HomeTabView.swift */,
				F80F43006C39DB668F529235 /* MyRoutineView.swift */,
				AABBBBBBBBBBBBBBBBBBBBBB /* RoutinePromotedView.swift */,
				AA5555555555555555555555 /* SleepHistoryLegendView.swift */,
			);
			path = Home;
			sourceTree = "<group>";
		};
		713AE8A6FDB1F48F9B6F8403 /* Lull */ = {
			isa = PBXGroup;
			children = (
				CF78A2B998193B94B990E54E /* ContentView.swift */,
				518622E3CFB58A6544BC915C /* LullApp.swift */,
				31F7E7C8AC3777CEE98481E9 /* Components */,
				6E08A71543323A3D0E55B93E /* Home */,
				9196F343A80EAA39F9029661 /* MidSleep */,
				3F06728D2AE3E4F6240996A2 /* Models */,
				87B9CC12A3E456D67ED7A2A2 /* Morning */,
				1F36B2AF949245399F032553 /* Nightly */,
				B2418C89F574340784D8FB34 /* Onboarding */,
				CC0000000000000000000001 /* Persistence */,
				F3F7A8DF1539BC59FC9B5357 /* Resources */,
				455604E026B5EE2AC3B7BDA2 /* Services */,
				723E82AD5C5A691159771561 /* Theme */,
			);
			path = Lull;
			sourceTree = "<group>";
		};
		723E82AD5C5A691159771561 /* Theme */ = {
			isa = PBXGroup;
			children = (
				16FDBFDA7720439DD74C23B7 /* LullTheme.swift */,
			);
			path = Theme;
			sourceTree = "<group>";
		};
		87B9CC12A3E456D67ED7A2A2 /* Morning */ = {
			isa = PBXGroup;
			children = (
				9C9EDB6CB663B102ED482509 /* MorningCheckInView.swift */,
				AAAAAAAAAAAAAAAAAAAAAAAA /* MorningRewardView.swift */,
				2E94326D623364EFC9F4CEFB /* SleepLogDetailView.swift */,
			);
			path = Morning;
			sourceTree = "<group>";
		};
		9196F343A80EAA39F9029661 /* MidSleep */ = {
			isa = PBXGroup;
			children = (
				5FAE3AADB1930BEAF0A5DB7C /* GetUpPromptView.swift */,
				A6B11A89266A2BB853502200 /* MidSleepModeView.swift */,
			);
			path = MidSleep;
			sourceTree = "<group>";
		};
		A718EF8101F94FAB99DD3AED = {
			isa = PBXGroup;
			children = (
				713AE8A6FDB1F48F9B6F8403 /* Lull */,
				F4700DAD589C69A0363C6B7B /* Products */,
			);
			sourceTree = "<group>";
		};
		B2418C89F574340784D8FB34 /* Onboarding */ = {
			isa = PBXGroup;
			children = (
				98B0DDCB101CFACF018241D3 /* OnboardingView.swift */,
			);
			path = Onboarding;
			sourceTree = "<group>";
		};
		CC0000000000000000000001 /* Persistence */ = {
			isa = PBXGroup;
			children = (
				AA2222222222222222222222 /* PersistedState.swift */,
				AA3333333333333333333333 /* PersistenceStore.swift */,
			);
			path = Persistence;
			sourceTree = "<group>";
		};
		DC3DACA822328A4904D4CBAC /* Fonts */ = {
			isa = PBXGroup;
			children = (
				3322D11828817486556E8D96 /* Fraunces-Italic-VariableFont_SOFT,WONK,opsz,wght.ttf */,
				91F441E8041BBA5C851D941F /* Fraunces-VariableFont_SOFT,WONK,opsz,wght.ttf */,
				FCAFDC51020778EEE5138C00 /* JetBrainsMono-Italic-VariableFont_wght.ttf */,
				8796F041C3D5B0A73379488D /* JetBrainsMono-VariableFont_wght.ttf */,
			);
			path = Fonts;
			sourceTree = "<group>";
		};
		EE478GGG0001000000000001 /* Audio */ = {
			isa = PBXGroup;
			children = (
				EE478FFF0001000000000001 /* 478-breathing-revised.mp3 */,
			);
			path = Audio;
			sourceTree = "<group>";
		};
		F3F7A8DF1539BC59FC9B5357 /* Resources */ = {
			isa = PBXGroup;
			children = (
				CD947544D9101E2AC407DBAB /* Assets.xcassets */,
				EE478GGG0001000000000001 /* Audio */,
				DC3DACA822328A4904D4CBAC /* Fonts */,
			);
			path = Resources;
			sourceTree = "<group>";
		};
		F4700DAD589C69A0363C6B7B /* Products */ = {
			isa = PBXGroup;
			children = (
				6F40249E393C00D6191A73D1 /* Lull.app */,
			);
			name = Products;
			sourceTree = "<group>";
		};
/* End PBXGroup section */

/* Begin PBXNativeTarget section */
		913FDFB167D77578D6628079 /* Lull */ = {
			isa = PBXNativeTarget;
			buildConfigurationList = 20A36241E5A6F0A2AAD6CCA2 /* Build configuration list for PBXNativeTarget "Lull" */;
			buildPhases = (
				2A9AF1297D4A465E9C64559D /* Sources */,
				2F32AA108EA42C7336F06542 /* Resources */,
			);
			buildRules = (
			);
			dependencies = (
			);
			name = Lull;
			packageProductDependencies = (
			);
			productName = Lull;
			productReference = 6F40249E393C00D6191A73D1 /* Lull.app */;
			productType = "com.apple.product-type.application";
		};
/* End PBXNativeTarget section */

/* Begin PBXProject section */
		BC1489B8F5E914D227BD800C /* Project object */ = {
			isa = PBXProject;
			attributes = {
				BuildIndependentTargetsInParallel = YES;
				LastUpgradeCheck = 2640;
				TargetAttributes = {
					913FDFB167D77578D6628079 = {
						ProvisioningStyle = Automatic;
					};
				};
			};
			buildConfigurationList = 6D3034169078C66DC0E3C930 /* Build configuration list for PBXProject "Lull" */;
			developmentRegion = en;
			hasScannedForEncodings = 0;
			knownRegions = (
				Base,
				en,
			);
			mainGroup = A718EF8101F94FAB99DD3AED;
			minimizedProjectReferenceProxies = 1;
			preferredProjectObjectVersion = 77;
			productRefGroup = F4700DAD589C69A0363C6B7B /* Products */;
			projectDirPath = "";
			projectRoot = "";
			targets = (
				913FDFB167D77578D6628079 /* Lull */,
			);
		};
/* End PBXProject section */

/* Begin PBXResourcesBuildPhase section */
		2F32AA108EA42C7336F06542 /* Resources */ = {
			isa = PBXResourcesBuildPhase;
			buildActionMask = 2147483647;
			files = (
				A383F378753EA2DC32962DB1 /* Assets.xcassets in Resources */,
				EE478AAA0001000000000001 /* 478-breathing-revised.mp3 in Resources */,
				C0F7B0F86DA74FF0D28F8A89 /* Fraunces-Italic-VariableFont_SOFT,WONK,opsz,wght.ttf in Resources */,
				006744F385C7F5CC19798978 /* Fraunces-VariableFont_SOFT,WONK,opsz,wght.ttf in Resources */,
				AC496C0EE12D5E143D032EAE /* JetBrainsMono-Italic-VariableFont_wght.ttf in Resources */,
				52496FFD9E414733A0B2C35B /* JetBrainsMono-VariableFont_wght.ttf in Resources */,
			);
			runOnlyForDeploymentPostprocessing = 0;
		};
/* End PBXResourcesBuildPhase section */

/* Begin PBXSourcesBuildPhase section */
		2A9AF1297D4A465E9C64559D /* Sources */ = {
			isa = PBXSourcesBuildPhase;
			buildActionMask = 2147483647;
			files = (
				BB4444444444444444444444 /* AmbientLightService.swift in Sources */,
				CC6666666666666666666666 /* ExportService.swift in Sources */,
				CC8888888888888888888888 /* Confetti.swift in Sources */,
				CC9999999999999999999999 /* PendingPromotion.swift in Sources */,
				CCAAAAAAAAAAAAAAAAAAAAAA /* MorningRewardView.swift in Sources */,
				CCBBBBBBBBBBBBBBBBBBBBBB /* RoutinePromotedView.swift in Sources */,
				F925DA874E2FC8346941100A /* AppState.swift in Sources */,
				08D913B238D9530F25E581B1 /* AudioRecordingService.swift in Sources */,
				AA7777777777777777777777 /* AudioPlaybackService.swift in Sources */,
				BE34E1AD1DAD049E9EE63C73 /* BundledStories.swift in Sources */,
				12A0C07F45A7A54C16DD0FF7 /* ClaudeAPIService.swift in Sources */,
				BB2222222222222222222222 /* PersistedState.swift in Sources */,
				BB3333333333333333333333 /* PersistenceStore.swift in Sources */,
				0189D99750DF4F9DD82F9066 /* ContentView.swift in Sources */,
				60D15B91CA48E6BCF4BE25A6 /* DashboardView.swift in Sources */,
				CFD7E77D6E511831E87B1EB1 /* ExperimentEngine.swift in Sources */,
				30C48EF1D2833AD03BC1935B /* GetUpPromptView.swift in Sources */,
				6B13AEE4C552544EAAEFF3B6 /* HomeTabView.swift in Sources */,
				2A8BFC6FBA480460BA7E0DF5 /* LullApp.swift in Sources */,
				F9147C3EE6EB7C0898A38E93 /* LullComponents.swift in Sources */,
				908F5B9B12AD92424F3B31C1 /* LullTheme.swift in Sources */,
				A9A3802E174F3057EF6EC4AD /* MidSleepModeView.swift in Sources */,
				F4B2A497125E5AD3F0411B41 /* MorningCheckInView.swift in Sources */,
				0CFE2F405676712622D674B6 /* MyRoutineView.swift in Sources */,
				6B66A96B7AF9AAA97AEB300A /* NightlyFlowView.swift in Sources */,
				52B9009E37E5E54D7A2511DD /* NightlyGentleStretchingView.swift in Sources */,
				C3CB5BE543EEA2827CBD52D6 /* NightlyGratitudeJournalView.swift in Sources */,
				A930E2F5B28DA5B903975BE0 /* NightlyProgressiveMuscleRelaxationView.swift in Sources */,
				90ABCE6F90322DEBB83A003F /* OnboardingView.swift in Sources */,
				BB1111111111111111111111 /* RemedyID.swift in Sources */,
				12A292BFE58500E4CE3E7342 /* RoutineGenerator.swift in Sources */,
				0E1C1D245B8503E78B953113 /* SleepLogDetailView.swift in Sources */,
				CC5555555555555555555555 /* SleepHistoryLegendView.swift in Sources */,
				CA356A11A099E60F3920F72A /* TTSService.swift in Sources */,
				E1A2B3C4D5E6F7A8B9C0D1E2 /* ShakeDetector.swift in Sources */,
			);
			runOnlyForDeploymentPostprocessing = 0;
		};
/* End PBXSourcesBuildPhase section */

/* Begin XCBuildConfiguration section */
		159E6EEC45C25BB7282FFC0C /* Release */ = {
			isa = XCBuildConfiguration;
			buildSettings = {
				ASSETCATALOG_COMPILER_APPICON_NAME = AppIcon;
				ASSETCATALOG_COMPILER_GLOBAL_ACCENT_COLOR_NAME = AccentColor;
				CODE_SIGN_IDENTITY = "iPhone Developer";
				CODE_SIGN_STYLE = Automatic;
				CURRENT_PROJECT_VERSION = 6;
				DEVELOPMENT_TEAM = 2WLHFD257A;
				INFOPLIST_FILE = Lull/Resources/Info.plist;
				INFOPLIST_KEY_CFBundleDisplayName = Lull;
				INFOPLIST_KEY_LSApplicationCategoryType = "public.app-category.healthcare-fitness";
				IPHONEOS_DEPLOYMENT_TARGET = 17.0;
				LD_RUNPATH_SEARCH_PATHS = (
					"$(inherited)",
					"@executable_path/Frameworks",
				);
				PRODUCT_BUNDLE_IDENTIFIER = com.trylull.app;
				SDKROOT = iphoneos;
				TARGETED_DEVICE_FAMILY = "1,2";
			};
			name = Release;
		};
		1A515D6BD5E384BADE27C470 /* Release */ = {
			isa = XCBuildConfiguration;
			buildSettings = {
				ALWAYS_SEARCH_USER_PATHS = NO;
				CLANG_ANALYZER_NONNULL = YES;
				CLANG_ANALYZER_NUMBER_OBJECT_CONVERSION = YES_AGGRESSIVE;
				CLANG_CXX_LANGUAGE_STANDARD = "gnu++14";
				CLANG_CXX_LIBRARY = "libc++";
				CLANG_ENABLE_MODULES = YES;
				CLANG_ENABLE_OBJC_ARC = YES;
				CLANG_ENABLE_OBJC_WEAK = YES;
				CLANG_WARN_BLOCK_CAPTURE_AUTORELEASING = YES;
				CLANG_WARN_BOOL_CONVERSION = YES;
				CLANG_WARN_COMMA = YES;
				CLANG_WARN_CONSTANT_CONVERSION = YES;
				CLANG_WARN_DEPRECATED_OBJC_IMPLEMENTATIONS = YES;
				CLANG_WARN_DIRECT_OBJC_ISA_USAGE = YES_ERROR;
				CLANG_WARN_DOCUMENTATION_COMMENTS = YES;
				CLANG_WARN_EMPTY_BODY = YES;
				CLANG_WARN_ENUM_CONVERSION = YES;
				CLANG_WARN_INFINITE_RECURSION = YES;
				CLANG_WARN_INT_CONVERSION = YES;
				CLANG_WARN_NON_LITERAL_NULL_CONVERSION = YES;
				CLANG_WARN_OBJC_IMPLICIT_RETAIN_SELF = YES;
				CLANG_WARN_OBJC_LITERAL_CONVERSION = YES;
				CLANG_WARN_OBJC_ROOT_CLASS = YES_ERROR;
				CLANG_WARN_QUOTED_INCLUDE_IN_FRAMEWORK_HEADER = YES;
				CLANG_WARN_RANGE_LOOP_ANALYSIS = YES;
				CLANG_WARN_STRICT_PROTOTYPES = YES;
				CLANG_WARN_SUSPICIOUS_MOVE = YES;
				CLANG_WARN_UNGUARDED_AVAILABILITY = YES_AGGRESSIVE;
				CLANG_WARN_UNREACHABLE_CODE = YES;
				CLANG_WARN__DUPLICATE_METHOD_MATCH = YES;
				COPY_PHASE_STRIP = NO;
				CURRENT_PROJECT_VERSION = 4;
				DEBUG_INFORMATION_FORMAT = "dwarf-with-dsym";
				ENABLE_NS_ASSERTIONS = NO;
				ENABLE_STRICT_OBJC_MSGSEND = YES;
				ENABLE_USER_SCRIPT_SANDBOXING = YES;
				GCC_C_LANGUAGE_STANDARD = gnu11;
				GCC_NO_COMMON_BLOCKS = YES;
				GCC_WARN_64_TO_32_BIT_CONVERSION = YES;
				GCC_WARN_ABOUT_RETURN_TYPE = YES_ERROR;
				GCC_WARN_UNDECLARED_SELECTOR = YES;
				GCC_WARN_UNINITIALIZED_AUTOS = YES_AGGRESSIVE;
				GCC_WARN_UNUSED_FUNCTION = YES;
				GCC_WARN_UNUSED_VARIABLE = YES;
				IPHONEOS_DEPLOYMENT_TARGET = 17.0;
				MARKETING_VERSION = 1.0;
				MTL_ENABLE_DEBUG_INFO = NO;
				MTL_FAST_MATH = YES;
				PRODUCT_NAME = "$(TARGET_NAME)";
				SDKROOT = iphoneos;
				STRING_CATALOG_GENERATE_SYMBOLS = YES;
				SWIFT_COMPILATION_MODE = wholemodule;
				SWIFT_OPTIMIZATION_LEVEL = "-O";
				SWIFT_VERSION = 5.10;
			};
			name = Release;
		};
		9A35974462947B5EE070D7D6 /* Debug */ = {
			isa = XCBuildConfiguration;
			buildSettings = {
				ALWAYS_SEARCH_USER_PATHS = NO;
				CLANG_ANALYZER_NONNULL = YES;
				CLANG_ANALYZER_NUMBER_OBJECT_CONVERSION = YES_AGGRESSIVE;
				CLANG_CXX_LANGUAGE_STANDARD = "gnu++14";
				CLANG_CXX_LIBRARY = "libc++";
				CLANG_ENABLE_MODULES = YES;
				CLANG_ENABLE_OBJC_ARC = YES;
				CLANG_ENABLE_OBJC_WEAK = YES;
				CLANG_WARN_BLOCK_CAPTURE_AUTORELEASING = YES;
				CLANG_WARN_BOOL_CONVERSION = YES;
				CLANG_WARN_COMMA = YES;
				CLANG_WARN_CONSTANT_CONVERSION = YES;
				CLANG_WARN_DEPRECATED_OBJC_IMPLEMENTATIONS = YES;
				CLANG_WARN_DIRECT_OBJC_ISA_USAGE = YES_ERROR;
				CLANG_WARN_DOCUMENTATION_COMMENTS = YES;
				CLANG_WARN_EMPTY_BODY = YES;
				CLANG_WARN_ENUM_CONVERSION = YES;
				CLANG_WARN_INFINITE_RECURSION = YES;
				CLANG_WARN_INT_CONVERSION = YES;
				CLANG_WARN_NON_LITERAL_NULL_CONVERSION = YES;
				CLANG_WARN_OBJC_IMPLICIT_RETAIN_SELF = YES;
				CLANG_WARN_OBJC_LITERAL_CONVERSION = YES;
				CLANG_WARN_OBJC_ROOT_CLASS = YES_ERROR;
				CLANG_WARN_QUOTED_INCLUDE_IN_FRAMEWORK_HEADER = YES;
				CLANG_WARN_RANGE_LOOP_ANALYSIS = YES;
				CLANG_WARN_STRICT_PROTOTYPES = YES;
				CLANG_WARN_SUSPICIOUS_MOVE = YES;
				CLANG_WARN_UNGUARDED_AVAILABILITY = YES_AGGRESSIVE;
				CLANG_WARN_UNREACHABLE_CODE = YES;
				CLANG_WARN__DUPLICATE_METHOD_MATCH = YES;
				COPY_PHASE_STRIP = NO;
				CURRENT_PROJECT_VERSION = 4;
				DEBUG_INFORMATION_FORMAT = dwarf;
				ENABLE_STRICT_OBJC_MSGSEND = YES;
				ENABLE_TESTABILITY = YES;
				ENABLE_USER_SCRIPT_SANDBOXING = YES;
				GCC_C_LANGUAGE_STANDARD = gnu11;
				GCC_DYNAMIC_NO_PIC = NO;
				GCC_NO_COMMON_BLOCKS = YES;
				GCC_OPTIMIZATION_LEVEL = 0;
				GCC_PREPROCESSOR_DEFINITIONS = (
					"$(inherited)",
					"DEBUG=1",
				);
				GCC_WARN_64_TO_32_BIT_CONVERSION = YES;
				GCC_WARN_ABOUT_RETURN_TYPE = YES_ERROR;
				GCC_WARN_UNDECLARED_SELECTOR = YES;
				GCC_WARN_UNINITIALIZED_AUTOS = YES_AGGRESSIVE;
				GCC_WARN_UNUSED_FUNCTION = YES;
				GCC_WARN_UNUSED_VARIABLE = YES;
				IPHONEOS_DEPLOYMENT_TARGET = 17.0;
				MARKETING_VERSION = 1.0;
				MTL_ENABLE_DEBUG_INFO = INCLUDE_SOURCE;
				MTL_FAST_MATH = YES;
				ONLY_ACTIVE_ARCH = YES;
				PRODUCT_NAME = "$(TARGET_NAME)";
				SDKROOT = iphoneos;
				STRING_CATALOG_GENERATE_SYMBOLS = YES;
				SWIFT_ACTIVE_COMPILATION_CONDITIONS = DEBUG;
				SWIFT_OPTIMIZATION_LEVEL = "-Onone";
				SWIFT_VERSION = 5.10;
			};
			name = Debug;
		};
		C1F15F60D71A626126066DDA /* Debug */ = {
			isa = XCBuildConfiguration;
			buildSettings = {
				ASSETCATALOG_COMPILER_APPICON_NAME = AppIcon;
				ASSETCATALOG_COMPILER_GLOBAL_ACCENT_COLOR_NAME = AccentColor;
				CODE_SIGN_IDENTITY = "iPhone Developer";
				CODE_SIGN_STYLE = Automatic;
				CURRENT_PROJECT_VERSION = 6;
				DEVELOPMENT_TEAM = 2WLHFD257A;
				INFOPLIST_FILE = Lull/Resources/Info.plist;
				INFOPLIST_KEY_CFBundleDisplayName = Lull;
				INFOPLIST_KEY_LSApplicationCategoryType = "public.app-category.healthcare-fitness";
				IPHONEOS_DEPLOYMENT_TARGET = 17.0;
				LD_RUNPATH_SEARCH_PATHS = (
					"$(inherited)",
					"@executable_path/Frameworks",
				);
				PRODUCT_BUNDLE_IDENTIFIER = com.trylull.app;
				SDKROOT = iphoneos;
				TARGETED_DEVICE_FAMILY = "1,2";
			};
			name = Debug;
		};
/* End XCBuildConfiguration section */

/* Begin XCConfigurationList section */
		20A36241E5A6F0A2AAD6CCA2 /* Build configuration list for PBXNativeTarget "Lull" */ = {
			isa = XCConfigurationList;
			buildConfigurations = (
				C1F15F60D71A626126066DDA /* Debug */,
				159E6EEC45C25BB7282FFC0C /* Release */,
			);
			defaultConfigurationIsVisible = 0;
			defaultConfigurationName = Debug;
		};
		6D3034169078C66DC0E3C930 /* Build configuration list for PBXProject "Lull" */ = {
			isa = XCConfigurationList;
			buildConfigurations = (
				9A35974462947B5EE070D7D6 /* Debug */,
				1A515D6BD5E384BADE27C470 /* Release */,
			);
			defaultConfigurationIsVisible = 0;
			defaultConfigurationName = Debug;
		};
/* End XCConfigurationList section */
	};
	rootObject = BC1489B8F5E914D227BD800C /* Project object */;
}
