{
  "originHash" : "d85ec5548924c7edf0e45a0ad0667e9553b3b20016e3ca39c664bc1b55865838",
  "pins" : [
    {
      "identity" : "posthog-ios",
      "kind" : "remoteSourceControl",
      "location" : "https://github.com/PostHog/posthog-ios.git",
      "state" : {
        "revision" : "ee5b5705b0038f0c44646cde5fe972bb65387596",
        "version" : "3.61.0"
      }
    },
    {
      "identity" : "purchases-ios-spm",
      "kind" : "remoteSourceControl",
      "location" : "https://github.com/RevenueCat/purchases-ios-spm.git",
      "state" : {
        "revision" : "6935da62be3f33f06ed16e9e49431fe9e10e1426",
        "version" : "5.79.0"
      }
    },
    {
      "identity" : "rive-ios",
      "kind" : "remoteSourceControl",
      "location" : "https://github.com/rive-app/rive-ios",
      "state" : {
        "revision" : "c8252fe1f774c4b807d656621d1f93df6c5b92aa",
        "version" : "6.21.1"
      }
    }
  ],
  "version" : 3
}
