{
  "originHash" : "084d6ae55dc91ebd4bc26a811a5e45585f94a807e8d941b710ea4b70f36875b2",
  "pins" : [
    {
      "identity" : "posthog-ios",
      "kind" : "remoteSourceControl",
      "location" : "https://github.com/PostHog/posthog-ios.git",
      "state" : {
        "revision" : "ee5b5705b0038f0c44646cde5fe972bb65387596",
        "version" : "3.61.0"
      }
    },
    {
      "identity" : "purchases-ios-spm",
      "kind" : "remoteSourceControl",
      "location" : "https://github.com/RevenueCat/purchases-ios-spm.git",
      "state" : {
        "revision" : "6935da62be3f33f06ed16e9e49431fe9e10e1426",
        "version" : "5.79.0"
      }
    }
  ],
  "version" : 3
}
