{
  "originHash" : "084d6ae55dc91ebd4bc26a811a5e45585f94a807e8d941b710ea4b70f36875b2",
  "pins" : [
    {
      "identity" : "posthog-ios",
      "kind" : "remoteSourceControl",
      "location" : "https://github.com/PostHog/posthog-ios.git",
      "state" : {
        "revision" : "ee5b5705b0038f0c44646cde5fe972bb65387596",
        "version" : "3.61.0"
      }
    },
    {
      "identity" : "purchases-ios-spm",
      "kind" : "remoteSourceControl",
      "location" : "https://github.com/RevenueCat/purchases-ios-spm.git",
      "state" : {
        "revision" : "3bbaa4a88d74c863ee5bc4295b2fc628323eff0d",
        "version" : "5.75.0"
      }
    }
  ],
  "version" : 3
}
